// !$*UTF8*$!
{
	archiveVersion = 1;
	classes = {
	};
	objectVersion = 46;
	objects = {

/* Begin PBXBuildFile section */
		58DC8D7A1FC3BAD4003D9CD7 /* main.m in Sources */ = {isa = PBXBuildFile; fileRef = 58DC8D791FC3BAD4003D9CD7 /* main.m */; };
		58DC8D7D1FC3BAD4003D9CD7 /* AppDelegate.m in Sources */ = {isa = PBXBuildFile; fileRef = 58DC8D7C1FC3BAD4003D9CD7 /* AppDelegate.m */; };
		58DC8D801FC3BAD4003D9CD7 /* ViewController.m in Sources */ = {isa = PBXBuildFile; fileRef = 58DC8D7F1FC3BAD4003D9CD7 /* ViewController.m */; };
		58DC8D831FC3BAD4003D9CD7 /* Main.storyboard in Resources */ = {isa = PBXBuildFile; fileRef = 58DC8D811FC3BAD4003D9CD7 /* Main.storyboard */; };
		58DC8D851FC3BAD4003D9CD7 /* Assets.xcassets in Resources */ = {isa = PBXBuildFile; fileRef = 58DC8D841FC3BAD4003D9CD7 /* Assets.xcassets */; };
		58DC8D881FC3BAD4003D9CD7 /* LaunchScreen.storyboard in Resources */ = {isa = PBXBuildFile; fileRef = 58DC8D861FC3BAD4003D9CD7 /* LaunchScreen.storyboard */; };
		58DC8D931FC3BAD4003D9CD7 /* LJEmitterTests.m in Sources */ = {isa = PBXBuildFile; fileRef = 58DC8D921FC3BAD4003D9CD7 /* LJEmitterTests.m */; };
		58DC8D9E1FC3BAD4003D9CD7 /* LJEmitterUITests.m in Sources */ = {isa = PBXBuildFile; fileRef = 58DC8D9D1FC3BAD4003D9CD7 /* LJEmitterUITests.m */; };
		58DC8DAC1FC3BF97003D9CD7 /* snow.png in Resources */ = {isa = PBXBuildFile; fileRef = 58DC8DAB1FC3BF97003D9CD7 /* snow.png */; };
		58DC8DAF1FC3C2B8003D9CD7 /* shuye1.png in Resources */ = {isa = PBXBuildFile; fileRef = 58DC8DAD1FC3C2B8003D9CD7 /* shuye1.png */; };
		58DC8DB01FC3C2B8003D9CD7 /* shuye2.png in Resources */ = {isa = PBXBuildFile; fileRef = 58DC8DAE1FC3C2B8003D9CD7 /* shuye2.png */; };
		58DC8DB31FC3C98C003D9CD7 /* LJCAEmitterLayerView.m in Sources */ = {isa = PBXBuildFile; fileRef = 58DC8DB21FC3C98C003D9CD7 /* LJCAEmitterLayerView.m */; };
		58DC8DB61FC3CD38003D9CD7 /* LJSnowView.m in Sources */ = {isa = PBXBuildFile; fileRef = 58DC8DB51FC3CD38003D9CD7 /* LJSnowView.m */; };
/* End PBXBuildFile section */

/* Begin PBXContainerItemProxy section */
		58DC8D8F1FC3BAD4003D9CD7 /* PBXContainerItemProxy */ = {
			isa = PBXContainerItemProxy;
			containerPortal = 58DC8D6D1FC3BAD4003D9CD7 /* Project object */;
			proxyType = 1;
			remoteGlobalIDString = 58DC8D741FC3BAD4003D9CD7;
			remoteInfo = LJEmitter;
		};
		58DC8D9A1FC3BAD4003D9CD7 /* PBXContainerItemProxy */ = {
			isa = PBXContainerItemProxy;
			containerPortal = 58DC8D6D1FC3BAD4003D9CD7 /* Project object */;
			proxyType = 1;
			remoteGlobalIDString = 58DC8D741FC3BAD4003D9CD7;
			remoteInfo = LJEmitter;
		};
/* End PBXContainerItemProxy section */

/* Begin PBXFileReference section */
		58DC8D751FC3BAD4003D9CD7 /* LJEmitter.app */ = {isa = PBXFileReference; explicitFileType = wrapper.application; includeInIndex = 0; path = LJEmitter.app; sourceTree = BUILT_PRODUCTS_DIR; };
		58DC8D791FC3BAD4003D9CD7 /* main.m */ = {isa = PBXFileReference; lastKnownFileType = sourcecode.c.objc; path = main.m; sourceTree = "<group>"; };
		58DC8D7B1FC3BAD4003D9CD7 /* AppDelegate.h */ = {isa = PBXFileReference; lastKnownFileType = sourcecode.c.h; path = AppDelegate.h; sourceTree = "<group>"; };
		58DC8D7C1FC3BAD4003D9CD7 /* AppDelegate.m */ = {isa = PBXFileReference; lastKnownFileType = sourcecode.c.objc; path = AppDelegate.m; sourceTree = "<group>"; };
		58DC8D7E1FC3BAD4003D9CD7 /* ViewController.h */ = {isa = PBXFileReference; lastKnownFileType = sourcecode.c.h; path = ViewController.h; sourceTree = "<group>"; };
		58DC8D7F1FC3BAD4003D9CD7 /* ViewController.m */ = {isa = PBXFileReference; lastKnownFileType = sourcecode.c.objc; path = ViewController.m; sourceTree = "<group>"; };
		58DC8D821FC3BAD4003D9CD7 /* Base */ = {isa = PBXFileReference; lastKnownFileType = file.storyboard; name = Base; path = Base.lproj/Main.storyboard; sourceTree = "<group>"; };
		58DC8D841FC3BAD4003D9CD7 /* Assets.xcassets */ = {isa = PBXFileReference; lastKnownFileType = folder.assetcatalog; path = Assets.xcassets; sourceTree = "<group>"; };
		58DC8D871FC3BAD4003D9CD7 /* Base */ = {isa = PBXFileReference; lastKnownFileType = file.storyboard; name = Base; path = Base.lproj/LaunchScreen.storyboard; sourceTree = "<group>"; };
		58DC8D891FC3BAD4003D9CD7 /* Info.plist */ = {isa = PBXFileReference; lastKnownFileType = text.plist.xml; path = Info.plist; sourceTree = "<group>"; };
		58DC8D8E1FC3BAD4003D9CD7 /* LJEmitterTests.xctest */ = {isa = PBXFileReference; explicitFileType = wrapper.cfbundle; includeInIndex = 0; path = LJEmitterTests.xctest; sourceTree = BUILT_PRODUCTS_DIR; };
		58DC8D921FC3BAD4003D9CD7 /* LJEmitterTests.m */ = {isa = PBXFileReference; lastKnownFileType = sourcecode.c.objc; path = LJEmitterTests.m; sourceTree = "<group>"; };
		58DC8D941FC3BAD4003D9CD7 /* Info.plist */ = {isa = PBXFileReference; lastKnownFileType = text.plist.xml; path = Info.plist; sourceTree = "<group>"; };
		58DC8D991FC3BAD4003D9CD7 /* LJEmitterUITests.xctest */ = {isa = PBXFileReference; explicitFileType = wrapper.cfbundle; includeInIndex = 0; path = LJEmitterUITests.xctest; sourceTree = BUILT_PRODUCTS_DIR; };
		58DC8D9D1FC3BAD4003D9CD7 /* LJEmitterUITests.m */ = {isa = PBXFileReference; lastKnownFileType = sourcecode.c.objc; path = LJEmitterUITests.m; sourceTree = "<group>"; };
		58DC8D9F1FC3BAD4003D9CD7 /* Info.plist */ = {isa = PBXFileReference; lastKnownFileType = text.plist.xml; path = Info.plist; sourceTree = "<group>"; };
		58DC8DAB1FC3BF97003D9CD7 /* snow.png */ = {isa = PBXFileReference; lastKnownFileType = image.png; path = snow.png; sourceTree = "<group>"; };
		58DC8DAD1FC3C2B8003D9CD7 /* shuye1.png */ = {isa = PBXFileReference; lastKnownFileType = image.png; path = shuye1.png; sourceTree = "<group>"; };
		58DC8DAE1FC3C2B8003D9CD7 /* shuye2.png */ = {isa = PBXFileReference; lastKnownFileType = image.png; path = shuye2.png; sourceTree = "<group>"; };
		58DC8DB11FC3C98C003D9CD7 /* LJCAEmitterLayerView.h */ = {isa = PBXFileReference; fileEncoding = 4; lastKnownFileType = sourcecode.c.h; path = LJCAEmitterLayerView.h; sourceTree = "<group>"; };
		58DC8DB21FC3C98C003D9CD7 /* LJCAEmitterLayerView.m */ = {isa = PBXFileReference; fileEncoding = 4; lastKnownFileType = sourcecode.c.objc; path = LJCAEmitterLayerView.m; sourceTree = "<group>"; };
		58DC8DB41FC3CD38003D9CD7 /* LJSnowView.h */ = {isa = PBXFileReference; fileEncoding = 4; lastKnownFileType = sourcecode.c.h; path = LJSnowView.h; sourceTree = "<group>"; };
		58DC8DB51FC3CD38003D9CD7 /* LJSnowView.m */ = {isa = PBXFileReference; fileEncoding = 4; lastKnownFileType = sourcecode.c.objc; path = LJSnowView.m; sourceTree = "<group>"; };
/* End PBXFileReference section */

/* Begin PBXFrameworksBuildPhase section */
		58DC8D721FC3BAD4003D9CD7 /* Frameworks */ = {
			isa = PBXFrameworksBuildPhase;
			buildActionMask = 2147483647;
			files = (
			);
			runOnlyForDeploymentPostprocessing = 0;
		};
		58DC8D8B1FC3BAD4003D9CD7 /* Frameworks */ = {
			isa = PBXFrameworksBuildPhase;
			buildActionMask = 2147483647;
			files = (
			);
			runOnlyForDeploymentPostprocessing = 0;
		};
		58DC8D961FC3BAD4003D9CD7 /* Frameworks */ = {
			isa = PBXFrameworksBuildPhase;
			buildActionMask = 2147483647;
			files = (
			);
			runOnlyForDeploymentPostprocessing = 0;
		};
/* End PBXFrameworksBuildPhase section */

/* Begin PBXGroup section */
		58DC8D6C1FC3BAD3003D9CD7 = {
			isa = PBXGroup;
			children = (
				58DC8D771FC3BAD4003D9CD7 /* LJEmitter */,
				58DC8D911FC3BAD4003D9CD7 /* LJEmitterTests */,
				58DC8D9C1FC3BAD4003D9CD7 /* LJEmitterUITests */,
				58DC8D761FC3BAD4003D9CD7 /* Products */,
			);
			sourceTree = "<group>";
		};
		58DC8D761FC3BAD4003D9CD7 /* Products */ = {
			isa = PBXGroup;
			children = (
				58DC8D751FC3BAD4003D9CD7 /* LJEmitter.app */,
				58DC8D8E1FC3BAD4003D9CD7 /* LJEmitterTests.xctest */,
				58DC8D991FC3BAD4003D9CD7 /* LJEmitterUITests.xctest */,
			);
			name = Products;
			sourceTree = "<group>";
		};
		58DC8D771FC3BAD4003D9CD7 /* LJEmitter */ = {
			isa = PBXGroup;
			children = (
				58DC8DAB1FC3BF97003D9CD7 /* snow.png */,
				58DC8DAD1FC3C2B8003D9CD7 /* shuye1.png */,
				58DC8DAE1FC3C2B8003D9CD7 /* shuye2.png */,
				58DC8D7B1FC3BAD4003D9CD7 /* AppDelegate.h */,
				58DC8D7C1FC3BAD4003D9CD7 /* AppDelegate.m */,
				58DC8D7E1FC3BAD4003D9CD7 /* ViewController.h */,
				58DC8D7F1FC3BAD4003D9CD7 /* ViewController.m */,
				58DC8DB11FC3C98C003D9CD7 /* LJCAEmitterLayerView.h */,
				58DC8DB21FC3C98C003D9CD7 /* LJCAEmitterLayerView.m */,
				58DC8DB41FC3CD38003D9CD7 /* LJSnowView.h */,
				58DC8DB51FC3CD38003D9CD7 /* LJSnowView.m */,
				58DC8D811FC3BAD4003D9CD7 /* Main.storyboard */,
				58DC8D841FC3BAD4003D9CD7 /* Assets.xcassets */,
				58DC8D861FC3BAD4003D9CD7 /* LaunchScreen.storyboard */,
				58DC8D891FC3BAD4003D9CD7 /* Info.plist */,
				58DC8D781FC3BAD4003D9CD7 /* Supporting Files */,
			);
			path = LJEmitter;
			sourceTree = "<group>";
		};
		58DC8D781FC3BAD4003D9CD7 /* Supporting Files */ = {
			isa = PBXGroup;
			children = (
				58DC8D791FC3BAD4003D9CD7 /* main.m */,
			);
			name = "Supporting Files";
			sourceTree = "<group>";
		};
		58DC8D911FC3BAD4003D9CD7 /* LJEmitterTests */ = {
			isa = PBXGroup;
			children = (
				58DC8D921FC3BAD4003D9CD7 /* LJEmitterTests.m */,
				58DC8D941FC3BAD4003D9CD7 /* Info.plist */,
			);
			path = LJEmitterTests;
			sourceTree = "<group>";
		};
		58DC8D9C1FC3BAD4003D9CD7 /* LJEmitterUITests */ = {
			isa = PBXGroup;
			children = (
				58DC8D9D1FC3BAD4003D9CD7 /* LJEmitterUITests.m */,
				58DC8D9F1FC3BAD4003D9CD7 /* Info.plist */,
			);
			path = LJEmitterUITests;
			sourceTree = "<group>";
		};
/* End PBXGroup section */

/* Begin PBXNativeTarget section */
		58DC8D741FC3BAD4003D9CD7 /* LJEmitter */ = {
			isa = PBXNativeTarget;
			buildConfigurationList = 58DC8DA21FC3BAD4003D9CD7 /* Build configuration list for PBXNativeTarget "LJEmitter" */;
			buildPhases = (
				58DC8D711FC3BAD4003D9CD7 /* Sources */,
				58DC8D721FC3BAD4003D9CD7 /* Frameworks */,
				58DC8D731FC3BAD4003D9CD7 /* Resources */,
			);
			buildRules = (
			);
			dependencies = (
			);
			name = LJEmitter;
			productName = LJEmitter;
			productReference = 58DC8D751FC3BAD4003D9CD7 /* LJEmitter.app */;
			productType = "com.apple.product-type.application";
		};
		58DC8D8D1FC3BAD4003D9CD7 /* LJEmitterTests */ = {
			isa = PBXNativeTarget;
			buildConfigurationList = 58DC8DA51FC3BAD4003D9CD7 /* Build configuration list for PBXNativeTarget "LJEmitterTests" */;
			buildPhases = (
				58DC8D8A1FC3BAD4003D9CD7 /* Sources */,
				58DC8D8B1FC3BAD4003D9CD7 /* Frameworks */,
				58DC8D8C1FC3BAD4003D9CD7 /* Resources */,
			);
			buildRules = (
			);
			dependencies = (
				58DC8D901FC3BAD4003D9CD7 /* PBXTargetDependency */,
			);
			name = LJEmitterTests;
			productName = LJEmitterTests;
			productReference = 58DC8D8E1FC3BAD4003D9CD7 /* LJEmitterTests.xctest */;
			productType = "com.apple.product-type.bundle.unit-test";
		};
		58DC8D981FC3BAD4003D9CD7 /* LJEmitterUITests */ = {
			isa = PBXNativeTarget;
			buildConfigurationList = 58DC8DA81FC3BAD4003D9CD7 /* Build configuration list for PBXNativeTarget "LJEmitterUITests" */;
			buildPhases = (
				58DC8D951FC3BAD4003D9CD7 /* Sources */,
				58DC8D961FC3BAD4003D9CD7 /* Frameworks */,
				58DC8D971FC3BAD4003D9CD7 /* Resources */,
			);
			buildRules = (
			);
			dependencies = (
				58DC8D9B1FC3BAD4003D9CD7 /* PBXTargetDependency */,
			);
			name = LJEmitterUITests;
			productName = LJEmitterUITests;
			productReference = 58DC8D991FC3BAD4003D9CD7 /* LJEmitterUITests.xctest */;
			productType = "com.apple.product-type.bundle.ui-testing";
		};
/* End PBXNativeTarget section */

/* Begin PBXProject section */
		58DC8D6D1FC3BAD4003D9CD7 /* Project object */ = {
			isa = PBXProject;
			attributes = {
				LastUpgradeCheck = 0820;
				ORGANIZATIONNAME = LJ;
				TargetAttributes = {
					58DC8D741FC3BAD4003D9CD7 = {
						CreatedOnToolsVersion = 8.2.1;
						DevelopmentTeam = AD85PC6NCL;
						ProvisioningStyle = Automatic;
					};
					58DC8D8D1FC3BAD4003D9CD7 = {
						CreatedOnToolsVersion = 8.2.1;
						DevelopmentTeam = AD85PC6NCL;
						ProvisioningStyle = Automatic;
						TestTargetID = 58DC8D741FC3BAD4003D9CD7;
					};
					58DC8D981FC3BAD4003D9CD7 = {
						CreatedOnToolsVersion = 8.2.1;
						DevelopmentTeam = AD85PC6NCL;
						ProvisioningStyle = Automatic;
						TestTargetID = 58DC8D741FC3BAD4003D9CD7;
					};
				};
			};
			buildConfigurationList = 58DC8D701FC3BAD4003D9CD7 /* Build configuration list for PBXProject "LJEmitter" */;
			compatibilityVersion = "Xcode 3.2";
			developmentRegion = English;
			hasScannedForEncodings = 0;
			knownRegions = (
				en,
				Base,
			);
			mainGroup = 58DC8D6C1FC3BAD3003D9CD7;
			productRefGroup = 58DC8D761FC3BAD4003D9CD7 /* Products */;
			projectDirPath = "";
			projectRoot = "";
			targets = (
				58DC8D741FC3BAD4003D9CD7 /* LJEmitter */,
				58DC8D8D1FC3BAD4003D9CD7 /* LJEmitterTests */,
				58DC8D981FC3BAD4003D9CD7 /* LJEmitterUITests */,
			);
		};
/* End PBXProject section */

/* Begin PBXResourcesBuildPhase section */
		58DC8D731FC3BAD4003D9CD7 /* Resources */ = {
			isa = PBXResourcesBuildPhase;
			buildActionMask = 2147483647;
			files = (
				58DC8D881FC3BAD4003D9CD7 /* LaunchScreen.storyboard in Resources */,
				58DC8D851FC3BAD4003D9CD7 /* Assets.xcassets in Resources */,
				58DC8DAC1FC3BF97003D9CD7 /* snow.png in Resources */,
				58DC8DB01FC3C2B8003D9CD7 /* shuye2.png in Resources */,
				58DC8D831FC3BAD4003D9CD7 /* Main.storyboard in Resources */,
				58DC8DAF1FC3C2B8003D9CD7 /* shuye1.png in Resources */,
			);
			runOnlyForDeploymentPostprocessing = 0;
		};
		58DC8D8C1FC3BAD4003D9CD7 /* Resources */ = {
			isa = PBXResourcesBuildPhase;
			buildActionMask = 2147483647;
			files = (
			);
			runOnlyForDeploymentPostprocessing = 0;
		};
		58DC8D971FC3BAD4003D9CD7 /* Resources */ = {
			isa = PBXResourcesBuildPhase;
			buildActionMask = 2147483647;
			files = (
			);
			runOnlyForDeploymentPostprocessing = 0;
		};
/* End PBXResourcesBuildPhase section */

/* Begin PBXSourcesBuildPhase section */
		58DC8D711FC3BAD4003D9CD7 /* Sources */ = {
			isa = PBXSourcesBuildPhase;
			buildActionMask = 2147483647;
			files = (
				58DC8D801FC3BAD4003D9CD7 /* ViewController.m in Sources */,
				58DC8DB31FC3C98C003D9CD7 /* LJCAEmitterLayerView.m in Sources */,
				58DC8DB61FC3CD38003D9CD7 /* LJSnowView.m in Sources */,
				58DC8D7D1FC3BAD4003D9CD7 /* AppDelegate.m in Sources */,
				58DC8D7A1FC3BAD4003D9CD7 /* main.m in Sources */,
			);
			runOnlyForDeploymentPostprocessing = 0;
		};
		58DC8D8A1FC3BAD4003D9CD7 /* Sources */ = {
			isa = PBXSourcesBuildPhase;
			buildActionMask = 2147483647;
			files = (
				58DC8D931FC3BAD4003D9CD7 /* LJEmitterTests.m in Sources */,
			);
			runOnlyForDeploymentPostprocessing = 0;
		};
		58DC8D951FC3BAD4003D9CD7 /* Sources */ = {
			isa = PBXSourcesBuildPhase;
			buildActionMask = 2147483647;
			files = (
				58DC8D9E1FC3BAD4003D9CD7 /* LJEmitterUITests.m in Sources */,
			);
			runOnlyForDeploymentPostprocessing = 0;
		};
/* End PBXSourcesBuildPhase section */

/* Begin PBXTargetDependency section */
		58DC8D901FC3BAD4003D9CD7 /* PBXTargetDependency */ = {
			isa = PBXTargetDependency;
			target = 58DC8D741FC3BAD4003D9CD7 /* LJEmitter */;
			targetProxy = 58DC8D8F1FC3BAD4003D9CD7 /* PBXContainerItemProxy */;
		};
		58DC8D9B1FC3BAD4003D9CD7 /* PBXTargetDependency */ = {
			isa = PBXTargetDependency;
			target = 58DC8D741FC3BAD4003D9CD7 /* LJEmitter */;
			targetProxy = 58DC8D9A1FC3BAD4003D9CD7 /* PBXContainerItemProxy */;
		};
/* End PBXTargetDependency section */

/* Begin PBXVariantGroup section */
		58DC8D811FC3BAD4003D9CD7 /* Main.storyboard */ = {
			isa = PBXVariantGroup;
			children = (
				58DC8D821FC3BAD4003D9CD7 /* Base */,
			);
			name = Main.storyboard;
			sourceTree = "<group>";
		};
		58DC8D861FC3BAD4003D9CD7 /* LaunchScreen.storyboard */ = {
			isa = PBXVariantGroup;
			children = (
				58DC8D871FC3BAD4003D9CD7 /* Base */,
			);
			name = LaunchScreen.storyboard;
			sourceTree = "<group>";
		};
/* End PBXVariantGroup section */

/* Begin XCBuildConfiguration section */
		58DC8DA01FC3BAD4003D9CD7 /* Debug */ = {
			isa = XCBuildConfiguration;
			buildSettings = {
				ALWAYS_SEARCH_USER_PATHS = NO;
				CLANG_ANALYZER_NONNULL = YES;
				CLANG_CXX_LANGUAGE_STANDARD = "gnu++0x";
				CLANG_CXX_LIBRARY = "libc++";
				CLANG_ENABLE_MODULES = YES;
				CLANG_ENABLE_OBJC_ARC = YES;
				CLANG_WARN_BOOL_CONVERSION = YES;
				CLANG_WARN_CONSTANT_CONVERSION = YES;
				CLANG_WARN_DIRECT_OBJC_ISA_USAGE = YES_ERROR;
				CLANG_WARN_DOCUMENTATION_COMMENTS = YES;
				CLANG_WARN_EMPTY_BODY = YES;
				CLANG_WARN_ENUM_CONVERSION = YES;
				CLANG_WARN_INFINITE_RECURSION = YES;
				CLANG_WARN_INT_CONVERSION = YES;
				CLANG_WARN_OBJC_ROOT_CLASS = YES_ERROR;
				CLANG_WARN_SUSPICIOUS_MOVE = YES;
				CLANG_WARN_UNREACHABLE_CODE = YES;
				CLANG_WARN__DUPLICATE_METHOD_MATCH = YES;
				"CODE_SIGN_IDENTITY[sdk=iphoneos*]" = "iPhone Developer";
				COPY_PHASE_STRIP = NO;
				DEBUG_INFORMATION_FORMAT = dwarf;
				ENABLE_STRICT_OBJC_MSGSEND = YES;
				ENABLE_TESTABILITY = YES;
				GCC_C_LANGUAGE_STANDARD = gnu99;
				GCC_DYNAMIC_NO_PIC = NO;
				GCC_NO_COMMON_BLOCKS = YES;
				GCC_OPTIMIZATION_LEVEL = 0;
				GCC_PREPROCESSOR_DEFINITIONS = (
					"DEBUG=1",
					"$(inherited)",
				);
				GCC_WARN_64_TO_32_BIT_CONVERSION = YES;
				GCC_WARN_ABOUT_RETURN_TYPE = YES_ERROR;
				GCC_WARN_UNDECLARED_SELECTOR = YES;
				GCC_WARN_UNINITIALIZED_AUTOS = YES_AGGRESSIVE;
				GCC_WARN_UNUSED_FUNCTION = YES;
				GCC_WARN_UNUSED_VARIABLE = YES;
				IPHONEOS_DEPLOYMENT_TARGET = 10.2;
				MTL_ENABLE_DEBUG_INFO = YES;
				ONLY_ACTIVE_ARCH = YES;
				SDKROOT = iphoneos;
			};
			name = Debug;
		};
		58DC8DA11FC3BAD4003D9CD7 /* Release */ = {
			isa = XCBuildConfiguration;
			buildSettings = {
				ALWAYS_SEARCH_USER_PATHS = NO;
				CLANG_ANALYZER_NONNULL = YES;
				CLANG_CXX_LANGUAGE_STANDARD = "gnu++0x";
				CLANG_CXX_LIBRARY = "libc++";
				CLANG_ENABLE_MODULES = YES;
				CLANG_ENABLE_OBJC_ARC = YES;
				CLANG_WARN_BOOL_CONVERSION = YES;
				CLANG_WARN_CONSTANT_CONVERSION = YES;
				CLANG_WARN_DIRECT_OBJC_ISA_USAGE = YES_ERROR;
				CLANG_WARN_DOCUMENTATION_COMMENTS = YES;
				CLANG_WARN_EMPTY_BODY = YES;
				CLANG_WARN_ENUM_CONVERSION = YES;
				CLANG_WARN_INFINITE_RECURSION = YES;
				CLANG_WARN_INT_CONVERSION = YES;
				CLANG_WARN_OBJC_ROOT_CLASS = YES_ERROR;
				CLANG_WARN_SUSPICIOUS_MOVE = YES;
				CLANG_WARN_UNREACHABLE_CODE = YES;
				CLANG_WARN__DUPLICATE_METHOD_MATCH = YES;
				"CODE_SIGN_IDENTITY[sdk=iphoneos*]" = "iPhone Developer";
				COPY_PHASE_STRIP = NO;
				DEBUG_INFORMATION_FORMAT = "dwarf-with-dsym";
				ENABLE_NS_ASSERTIONS = NO;
				ENABLE_STRICT_OBJC_MSGSEND = YES;
				GCC_C_LANGUAGE_STANDARD = gnu99;
				GCC_NO_COMMON_BLOCKS = YES;
				GCC_WARN_64_TO_32_BIT_CONVERSION = YES;
				GCC_WARN_ABOUT_RETURN_TYPE = YES_ERROR;
				GCC_WARN_UNDECLARED_SELECTOR = YES;
				GCC_WARN_UNINITIALIZED_AUTOS = YES_AGGRESSIVE;
				GCC_WARN_UNUSED_FUNCTION = YES;
				GCC_WARN_UNUSED_VARIABLE = YES;
				IPHONEOS_DEPLOYMENT_TARGET = 10.2;
				MTL_ENABLE_DEBUG_INFO = NO;
				SDKROOT = iphoneos;
				VALIDATE_PRODUCT = YES;
			};
			name = Release;
		};
		58DC8DA31FC3BAD4003D9CD7 /* Debug */ = {
			isa = XCBuildConfiguration;
			buildSettings = {
				ASSETCATALOG_COMPILER_APPICON_NAME = AppIcon;
				DEVELOPMENT_TEAM = AD85PC6NCL;
				INFOPLIST_FILE = LJEmitter/Info.plist;
				LD_RUNPATH_SEARCH_PATHS = "$(inherited) @executable_path/Frameworks";
				PRODUCT_BUNDLE_IDENTIFIER = lj.BAIDUMAPUS.LJEmitter;
				PRODUCT_NAME = "$(TARGET_NAME)";
			};
			name = Debug;
		};
		58DC8DA41FC3BAD4003D9CD7 /* Release */ = {
			isa = XCBuildConfiguration;
			buildSettings = {
				ASSETCATALOG_COMPILER_APPICON_NAME = AppIcon;
				DEVELOPMENT_TEAM = AD85PC6NCL;
				INFOPLIST_FILE = LJEmitter/Info.plist;
				LD_RUNPATH_SEARCH_PATHS = "$(inherited) @executable_path/Frameworks";
				PRODUCT_BUNDLE_IDENTIFIER = lj.BAIDUMAPUS.LJEmitter;
				PRODUCT_NAME = "$(TARGET_NAME)";
			};
			name = Release;
		};
		58DC8DA61FC3BAD4003D9CD7 /* Debug */ = {
			isa = XCBuildConfiguration;
			buildSettings = {
				BUNDLE_LOADER = "$(TEST_HOST)";
				DEVELOPMENT_TEAM = AD85PC6NCL;
				INFOPLIST_FILE = LJEmitterTests/Info.plist;
				LD_RUNPATH_SEARCH_PATHS = "$(inherited) @executable_path/Frameworks @loader_path/Frameworks";
				PRODUCT_BUNDLE_IDENTIFIER = lj.BAIDUMAPUS.LJEmitterTests;
				PRODUCT_NAME = "$(TARGET_NAME)";
				TEST_HOST = "$(BUILT_PRODUCTS_DIR)/LJEmitter.app/LJEmitter";
			};
			name = Debug;
		};
		58DC8DA71FC3BAD4003D9CD7 /* Release */ = {
			isa = XCBuildConfiguration;
			buildSettings = {
				BUNDLE_LOADER = "$(TEST_HOST)";
				DEVELOPMENT_TEAM = AD85PC6NCL;
				INFOPLIST_FILE = LJEmitterTests/Info.plist;
				LD_RUNPATH_SEARCH_PATHS = "$(inherited) @executable_path/Frameworks @loader_path/Frameworks";
				PRODUCT_BUNDLE_IDENTIFIER = lj.BAIDUMAPUS.LJEmitterTests;
				PRODUCT_NAME = "$(TARGET_NAME)";
				TEST_HOST = "$(BUILT_PRODUCTS_DIR)/LJEmitter.app/LJEmitter";
			};
			name = Release;
		};
		58DC8DA91FC3BAD4003D9CD7 /* Debug */ = {
			isa = XCBuildConfiguration;
			buildSettings = {
				DEVELOPMENT_TEAM = AD85PC6NCL;
				INFOPLIST_FILE = LJEmitterUITests/Info.plist;
				LD_RUNPATH_SEARCH_PATHS = "$(inherited) @executable_path/Frameworks @loader_path/Frameworks";
				PRODUCT_BUNDLE_IDENTIFIER = lj.BAIDUMAPUS.LJEmitterUITests;
				PRODUCT_NAME = "$(TARGET_NAME)";
				TEST_TARGET_NAME = LJEmitter;
			};
			name = Debug;
		};
		58DC8DAA1FC3BAD4003D9CD7 /* Release */ = {
			isa = XCBuildConfiguration;
			buildSettings = {
				DEVELOPMENT_TEAM = AD85PC6NCL;
				INFOPLIST_FILE = LJEmitterUITests/Info.plist;
				LD_RUNPATH_SEARCH_PATHS = "$(inherited) @executable_path/Frameworks @loader_path/Frameworks";
				PRODUCT_BUNDLE_IDENTIFIER = lj.BAIDUMAPUS.LJEmitterUITests;
				PRODUCT_NAME = "$(TARGET_NAME)";
				TEST_TARGET_NAME = LJEmitter;
			};
			name = Release;
		};
/* End XCBuildConfiguration section */

/* Begin XCConfigurationList section */
		58DC8D701FC3BAD4003D9CD7 /* Build configuration list for PBXProject "LJEmitter" */ = {
			isa = XCConfigurationList;
			buildConfigurations = (
				58DC8DA01FC3BAD4003D9CD7 /* Debug */,
				58DC8DA11FC3BAD4003D9CD7 /* Release */,
			);
			defaultConfigurationIsVisible = 0;
			defaultConfigurationName = Release;
		};
		58DC8DA21FC3BAD4003D9CD7 /* Build configuration list for PBXNativeTarget "LJEmitter" */ = {
			isa = XCConfigurationList;
			buildConfigurations = (
				58DC8DA31FC3BAD4003D9CD7 /* Debug */,
				58DC8DA41FC3BAD4003D9CD7 /* Release */,
			);
			defaultConfigurationIsVisible = 0;
		};
		58DC8DA51FC3BAD4003D9CD7 /* Build configuration list for PBXNativeTarget "LJEmitterTests" */ = {
			isa = XCConfigurationList;
			buildConfigurations = (
				58DC8DA61FC3BAD4003D9CD7 /* Debug */,
				58DC8DA71FC3BAD4003D9CD7 /* Release */,
			);
			defaultConfigurationIsVisible = 0;
		};
		58DC8DA81FC3BAD4003D9CD7 /* Build configuration list for PBXNativeTarget "LJEmitterUITests" */ = {
			isa = XCConfigurationList;
			buildConfigurations = (
				58DC8DA91FC3BAD4003D9CD7 /* Debug */,
				58DC8DAA1FC3BAD4003D9CD7 /* Release */,
			);
			defaultConfigurationIsVisible = 0;
		};
/* End XCConfigurationList section */
	};
	rootObject = 58DC8D6D1FC3BAD4003D9CD7 /* Project object */;
}
